github.com/sw965/crow v0.1.0-test.0.20260213181008-7594c0c4e3d3 h1:Hf4JGpQAFSgehKkqAvpLCSk9P31A1yClD+BzTRhm0W0=
github.com/sw965/crow v0.1.0-test.0.20260213181008-7594c0c4e3d3/go.mod h1:frgp1Xvac/dlyjJR12JElnditlvGVCV/7WYjE67IES4=
github.com/sw965/omw v0.0.0-20260212154354-3ca55cd51ee6 h1:1TPDsjYfp6TwkIe0eyhuU8xZbLjZmHNQ0A+iaEyhLFs=
github.com/sw965/omw v0.0.0-20260212154354-3ca55cd51ee6/go.mod h1:6sxDC1FbUj7Am/WJkeefmNhGdhVNoXjSLgdraR67R5U=
