github.com/chewxy/math32 v1.11.1 h1:b7PGHlp8KjylDoU8RrcEsRuGZhJuz8haxnKfuMMRqy8=
github.com/chewxy/math32 v1.11.1/go.mod h1:dOB2rcuFrCn6UHrze36WSLVPKtzPMRAQvBvUwkSsLqs=
github.com/seehuhn/mt19937 v1.0.0 h1:r02DuVkQXfohssWZO8L/TeAlYOah7aNNubEHB/7Vtfs=
github.com/seehuhn/mt19937 v1.0.0/go.mod h1:RikyXajNu+1Gqxm4hOacc3ckyWRd0usF6IkE3gnEcAM=
github.com/sw965/crow v0.0.0-20250627145604-d3d60e83bddd h1:KRFOr+5SsVUiNO3Fqkq3bUbc9Sd88diLdCsiFjUBsfU=
github.com/sw965/crow v0.0.0-20250627145604-d3d60e83bddd/go.mod h1:ZzYxCp9YlW1GiWrXotoIQ6uf4NY/gSwlXSk93sInmos=
github.com/sw965/omw v0.0.0-20250913043645-852147d251d5 h1:4FrSiLFJNXm+i1BOrPToWPOK+r2RWl0wx6U4UNYxcf0=
github.com/sw965/omw v0.0.0-20250913043645-852147d251d5/go.mod h1:/7GBAX/erawKf64WrK0Urbb/ih3IhwnTd75+E0vRiLc=
golang.org/x/exp v0.0.0-20230321023759-10a507213a29 h1:ooxPy7fPvB4kwsA2h+iBNHkAbp/4JxTSwCmvdjEYmug=
golang.org/x/exp v0.0.0-20230321023759-10a507213a29/go.mod h1:CxIveKay+FTh1D0yPZemJVgC/95VzuuOLq5Qi4xnoYc=
