github.com/sw965/crow v0.0.0-20251223125500-fbb934f01493 h1:LqjwVNz0FcLGiv+FopDROzBecHhM/U9kU0ExHE5ZGrY=
github.com/sw965/crow v0.0.0-20251223125500-fbb934f01493/go.mod h1:KuIE/VX5+VQtY7/oFdW/8eEg2ZR1bj8f2l1THdGaKNY=
github.com/sw965/omw v0.0.0-20251220024920-1da4f0424b97 h1:sNuiT4Y/WsXWCfBkk3LhUgbGDHFiHAXPg9Y1tYAdJi0=
github.com/sw965/omw v0.0.0-20251220024920-1da4f0424b97/go.mod h1:EKL8/ZktcbPtKvT26wyO6DGxpgfe8XTcw1YzA2RRyz0=
